{
  "name": "protractor-test",
  "version": "1.0.0",
  "lockfileVersion": 1,
  "requires": true,
  "dependencies": {
    "at-least-node": {
      "version": "1.0.0",
      "resolved": "https://registry.npmjs.org/at-least-node/-/at-least-node-1.0.0.tgz",
      "integrity": "sha512-+q/t7Ekv1EDY2l6Gda6LLiX14rU9TV20Wa3ofeQmwPFZbOMo9DXrLbOjFaaclkXKWidIaopwAObQDqwWtGUjqg=="
    },
    "colors": {
      "version": "1.4.0",
      "resolved": "https://registry.npmjs.org/colors/-/colors-1.4.0.tgz",
      "integrity": "sha512-a+UqTh4kgZg/SlGvfbzDHpgRu7AAQOmmqRHJnxhRZICKFUT91brVhNNt58CMWU9PsBbv3PDCZUHbVxuDiH2mtA=="
    },
    "fs": {
      "version": "0.0.1-security",
      "resolved": "https://registry.npmjs.org/fs/-/fs-0.0.1-security.tgz",
      "integrity": "sha1-invTcYa23d84E/I4WLV+yq9eQdQ="
    },
    "fs-extra": {
      "version": "9.0.0",
      "resolved": "https://registry.npmjs.org/fs-extra/-/fs-extra-9.0.0.tgz",
      "integrity": "sha512-pmEYSk3vYsG/bF651KPUXZ+hvjpgWYw/Gc7W9NFUe3ZVLczKKWIij3IKpOrQcdw4TILtibFslZ0UmR8Vvzig4g==",
      "requires": {
        "at-least-node": "^1.0.0",
        "graceful-fs": "^4.2.0",
        "jsonfile": "^6.0.1",
        "universalify": "^1.0.0"
      }
    },
    "graceful-fs": {
      "version": "4.2.4",
      "resolved": "https://registry.npmjs.org/graceful-fs/-/graceful-fs-4.2.4.tgz",
      "integrity": "sha512-WjKPNJF79dtJAVniUlGGWHYGz2jWxT6VhN/4m1NdkbZ2nOsEF+cI1Edgql5zCRhs/VsQYRvrXctxktVXZUkixw=="
    },
    "inherits": {
      "version": "2.0.3",
      "resolved": "https://registry.npmjs.org/inherits/-/inherits-2.0.3.tgz",
      "integrity": "sha1-Yzwsg+PaQqUC9SRmAiSA9CCCYd4="
    },
    "jasmine-reporters": {
      "version": "2.3.2",
      "resolved": "https://registry.npmjs.org/jasmine-reporters/-/jasmine-reporters-2.3.2.tgz",
      "integrity": "sha512-u/7AT9SkuZsUfFBLLzbErohTGNsEUCKaQbsVYnLFW1gEuL2DzmBL4n8v90uZsqIqlWvWUgian8J6yOt5Fyk/+A==",
      "requires": {
        "mkdirp": "^0.5.1",
        "xmldom": "^0.1.22"
      }
    },
    "jasmine-spec-reporter": {
      "version": "5.0.2",
      "resolved": "https://registry.npmjs.org/jasmine-spec-reporter/-/jasmine-spec-reporter-5.0.2.tgz",
      "integrity": "sha512-6gP1LbVgJ+d7PKksQBc2H0oDGNRQI3gKUsWlswKaQ2fif9X5gzhQcgM5+kiJGCQVurOG09jqNhk7payggyp5+g==",
      "requires": {
        "colors": "1.4.0"
      }
    },
    "jsonfile": {
      "version": "6.0.1",
      "resolved": "https://registry.npmjs.org/jsonfile/-/jsonfile-6.0.1.tgz",
      "integrity": "sha512-jR2b5v7d2vIOust+w3wtFKZIfpC2pnRmFAhAC/BuweZFQR8qZzxH1OyrQ10HmdVYiXWkYUqPVsz91cG7EL2FBg==",
      "requires": {
        "graceful-fs": "^4.1.6",
        "universalify": "^1.0.0"
      }
    },
    "klaw": {
      "version": "1.3.1",
      "resolved": "https://registry.npmjs.org/klaw/-/klaw-1.3.1.tgz",
      "integrity": "sha1-QIhDO0azsbolnXh4XY6W9zugJDk=",
      "requires": {
        "graceful-fs": "^4.1.9"
      }
    },
    "lodash": {
      "version": "4.17.19",
      "resolved": "https://registry.npmjs.org/lodash/-/lodash-4.17.19.tgz",
      "integrity": "sha512-JNvd8XER9GQX0v2qJgsaN/mzFCNA5BRe/j8JN9d+tWyGLSodKQHKFicdwNYzWwI3wjRnaKPsGj1XkBjx/F96DQ=="
    },
    "minimist": {
      "version": "1.2.5",
      "resolved": "https://registry.npmjs.org/minimist/-/minimist-1.2.5.tgz",
      "integrity": "sha512-FM9nNUYrRBAELZQT3xeZQ7fmMOBg6nWNmJKTcgsJeaLstP/UODVpGsr5OhXhhXg6f+qtJ8uiZ+PUxkDWcgIXLw=="
    },
    "mkdirp": {
      "version": "0.5.5",
      "resolved": "https://registry.npmjs.org/mkdirp/-/mkdirp-0.5.5.tgz",
      "integrity": "sha512-NKmAlESf6jMGym1++R0Ra7wvhV+wFW63FaSOFPwRahvea0gMUcGUhVeAg/0BC0wiv9ih5NYPB1Wn1UEI1/L+xQ==",
      "requires": {
        "minimist": "^1.2.5"
      }
    },
    "path": {
      "version": "0.12.7",
      "resolved": "https://registry.npmjs.org/path/-/path-0.12.7.tgz",
      "integrity": "sha1-1NwqUGxM4hl+tIHr/NWzbAFAsQ8=",
      "requires": {
        "process": "^0.11.1",
        "util": "^0.10.3"
      }
    },
    "process": {
      "version": "0.11.10",
      "resolved": "https://registry.npmjs.org/process/-/process-0.11.10.tgz",
      "integrity": "sha1-czIwDoQBYb2j5podHZGn1LwW8YI="
    },
    "protractor-html-reporter-2": {
      "version": "1.0.4",
      "resolved": "https://registry.npmjs.org/protractor-html-reporter-2/-/protractor-html-reporter-2-1.0.4.tgz",
      "integrity": "sha512-IlUcRac05bPUWscsWkEYNGNnly35LhNu4rH5/umdrRFiqOkgKdofPjw6sc1cxswTOERErWxQm0tFhl2CBkV1Kw==",
      "requires": {
        "fs": "0.0.1-security",
        "fs-extra": "^1.0.0",
        "jasmine-reporters": "^2.3.0",
        "lodash": "^4.17.5",
        "path": "^0.12.7",
        "xmldoc": "^0.5.1"
      },
      "dependencies": {
        "fs-extra": {
          "version": "1.0.0",
          "resolved": "https://registry.npmjs.org/fs-extra/-/fs-extra-1.0.0.tgz",
          "integrity": "sha1-zTzl9+fLYUWIP8rjGR6Yd/hYeVA=",
          "requires": {
            "graceful-fs": "^4.1.2",
            "jsonfile": "^2.1.0",
            "klaw": "^1.0.0"
          }
        },
        "jsonfile": {
          "version": "2.4.0",
          "resolved": "https://registry.npmjs.org/jsonfile/-/jsonfile-2.4.0.tgz",
          "integrity": "sha1-NzaitCi4e72gzIO1P6PWM6NcKug=",
          "requires": {
            "graceful-fs": "^4.1.6"
          }
        }
      }
    },
    "sax": {
      "version": "1.1.6",
      "resolved": "https://registry.npmjs.org/sax/-/sax-1.1.6.tgz",
      "integrity": "sha1-XWFr6KXmB9VOEUr65Vt+ry/MMkA="
    },
    "universalify": {
      "version": "1.0.0",
      "resolved": "https://registry.npmjs.org/universalify/-/universalify-1.0.0.tgz",
      "integrity": "sha512-rb6X1W158d7pRQBg5gkR8uPaSfiids68LTJQYOtEUhoJUWBdaQHsuT/EUduxXYxcrt4r5PJ4fuHW1MHT6p0qug=="
    },
    "util": {
      "version": "0.10.4",
      "resolved": "https://registry.npmjs.org/util/-/util-0.10.4.tgz",
      "integrity": "sha512-0Pm9hTQ3se5ll1XihRic3FDIku70C+iHUdT/W926rSgHV5QgXsYbKZN8MSC3tJtSkhuROzvsQjAaFENRXr+19A==",
      "requires": {
        "inherits": "2.0.3"
      }
    },
    "xmldoc": {
      "version": "0.5.1",
      "resolved": "https://registry.npmjs.org/xmldoc/-/xmldoc-0.5.1.tgz",
      "integrity": "sha1-kuQ36QDb/wRFDvrpDTyl8WVl9zg=",
      "requires": {
        "sax": "~1.1.1"
      }
    },
    "xmldom": {
      "version": "0.1.31",
      "resolved": "https://registry.npmjs.org/xmldom/-/xmldom-0.1.31.tgz",
      "integrity": "sha512-yS2uJflVQs6n+CyjHoaBmVSqIDevTAWrzMmjG1Gc7h1qQ7uVozNhEPJAwZXWyGQ/Gafo3fCwrcaokezLPupVyQ=="
    }
  }
}
